
Microsoft Visual Studio Solution File, Format Version 12.00
# Visual Studio Version 17
VisualStudioVersion = 17.8.34330.188
MinimumVisualStudioVersion = 10.0.40219.1
Project("{FAE04EC0-301F-11D3-BF4B-00C04F79EFBC}") = "ClaseyEstructuraBibliotecaCreada", "ClaseyEstructuraBibliotecaCreada\ClaseyEstructuraBibliotecaCreada.csproj", "{9309AF77-B3C3-4B5E-B41D-8D50901837CC}"
EndProject
Global
	GlobalSection(SolutionConfigurationPlatforms) = preSolution
		Debug|Any CPU = Debug|Any CPU
		Release|Any CPU = Release|Any CPU
	EndGlobalSection
	GlobalSection(ProjectConfigurationPlatforms) = postSolution
		{9309AF77-B3C3-4B5E-B41D-8D50901837CC}.Debug|Any CPU.ActiveCfg = Debug|Any CPU
		{9309AF77-B3C3-4B5E-B41D-8D50901837CC}.Debug|Any CPU.Build.0 = Debug|Any CPU
		{9309AF77-B3C3-4B5E-B41D-8D50901837CC}.Release|Any CPU.ActiveCfg = Release|Any CPU
		{9309AF77-B3C3-4B5E-B41D-8D50901837CC}.Release|Any CPU.Build.0 = Release|Any CPU
	EndGlobalSection
	GlobalSection(SolutionProperties) = preSolution
		HideSolutionNode = FALSE
	EndGlobalSection
	GlobalSection(ExtensibilityGlobals) = postSolution
		SolutionGuid = {AFF2B89D-C565-4355-B116-9A39BB59FA0B}
	EndGlobalSection
EndGlobal
